// !$*UTF8*$!
{
	archiveVersion = 1;
	classes = {
	};
	objectVersion = 60;
	objects = {

/* Begin PBXBuildFile section */
		611F93E02E10C89000D93A67 /* SongListView.swift in Sources */ = {isa = PBXBuildFile; fileRef = 611F93DF2E10C89000D93A67 /* SongListView.swift */; };
		6128B0532D41EDA1007E5B19 /* TransferViewModel.swift in Sources */ = {isa = PBXBuildFile; fileRef = 6128B0522D41EDA1007E5B19 /* TransferViewModel.swift */; };
		6130CA7B2D24EA5D00AB9959 /* cover.JPG in Resources */ = {isa = PBXBuildFile; fileRef = 6130CA7A2D24EA5D00AB9959 /* cover.JPG */; };
		61366FB82D110D9B000D7E3A /* Alamofire in Frameworks */ = {isa = PBXBuildFile; productRef = 61366FB72D110D9B000D7E3A /* Alamofire */; };
		613EFB932D11CC7E00BB021D /* MusicViewModel.swift in Sources */ = {isa = PBXBuildFile; fileRef = 613EFB922D11CC7E00BB021D /* MusicViewModel.swift */; };
		617A50592D2161900036FA0A /* DataModel.swift in Sources */ = {isa = PBXBuildFile; fileRef = 617A50582D2161900036FA0A /* DataModel.swift */; };
		617B19D42D4DC16300E687F8 /* MusciLib.swift in Sources */ = {isa = PBXBuildFile; fileRef = 617B19D32D4DC16300E687F8 /* MusciLib.swift */; };
		617B19D72D4DC28100E687F8 /* TransferView.swift in Sources */ = {isa = PBXBuildFile; fileRef = 617B19D62D4DC28100E687F8 /* TransferView.swift */; };
		617B19D92D4DC45900E687F8 /* TransferRowView.swift in Sources */ = {isa = PBXBuildFile; fileRef = 617B19D82D4DC45900E687F8 /* TransferRowView.swift */; };
		618BD54B2AE0204E00E650FC /* LemonMusicApp.swift in Sources */ = {isa = PBXBuildFile; fileRef = 618BD54A2AE0204E00E650FC /* LemonMusicApp.swift */; };
		618BD54D2AE0204E00E650FC /* ContentView.swift in Sources */ = {isa = PBXBuildFile; fileRef = 618BD54C2AE0204E00E650FC /* ContentView.swift */; };
		618BD54F2AE0205100E650FC /* Assets.xcassets in Resources */ = {isa = PBXBuildFile; fileRef = 618BD54E2AE0205100E650FC /* Assets.xcassets */; };
		618BD5522AE0205100E650FC /* Preview Assets.xcassets in Resources */ = {isa = PBXBuildFile; fileRef = 618BD5512AE0205100E650FC /* Preview Assets.xcassets */; };
/* End PBXBuildFile section */

/* Begin PBXFileReference section */
		611F93DF2E10C89000D93A67 /* SongListView.swift */ = {isa = PBXFileReference; lastKnownFileType = sourcecode.swift; path = SongListView.swift; sourceTree = "<group>"; };
		6128B0522D41EDA1007E5B19 /* TransferViewModel.swift */ = {isa = PBXFileReference; lastKnownFileType = sourcecode.swift; path = TransferViewModel.swift; sourceTree = "<group>"; };
		6130CA7A2D24EA5D00AB9959 /* cover.JPG */ = {isa = PBXFileReference; lastKnownFileType = image.jpeg; path = cover.JPG; sourceTree = "<group>"; };
		613EFB922D11CC7E00BB021D /* MusicViewModel.swift */ = {isa = PBXFileReference; lastKnownFileType = sourcecode.swift; path = MusicViewModel.swift; sourceTree = "<group>"; };
		617A50582D2161900036FA0A /* DataModel.swift */ = {isa = PBXFileReference; lastKnownFileType = sourcecode.swift; path = DataModel.swift; sourceTree = "<group>"; };
		617B19D32D4DC16300E687F8 /* MusciLib.swift */ = {isa = PBXFileReference; lastKnownFileType = sourcecode.swift; path = MusciLib.swift; sourceTree = "<group>"; };
		617B19D62D4DC28100E687F8 /* TransferView.swift */ = {isa = PBXFileReference; lastKnownFileType = sourcecode.swift; path = TransferView.swift; sourceTree = "<group>"; };
		617B19D82D4DC45900E687F8 /* TransferRowView.swift */ = {isa = PBXFileReference; lastKnownFileType = sourcecode.swift; path = TransferRowView.swift; sourceTree = "<group>"; };
		618BD5472AE0204E00E650FC /* LemonMusic.app */ = {isa = PBXFileReference; explicitFileType = wrapper.application; includeInIndex = 0; path = LemonMusic.app; sourceTree = BUILT_PRODUCTS_DIR; };
		618BD54A2AE0204E00E650FC /* LemonMusicApp.swift */ = {isa = PBXFileReference; lastKnownFileType = sourcecode.swift; path = LemonMusicApp.swift; sourceTree = "<group>"; };
		618BD54C2AE0204E00E650FC /* ContentView.swift */ = {isa = PBXFileReference; lastKnownFileType = sourcecode.swift; path = ContentView.swift; sourceTree = "<group>"; };
		618BD54E2AE0205100E650FC /* Assets.xcassets */ = {isa = PBXFileReference; lastKnownFileType = folder.assetcatalog; path = Assets.xcassets; sourceTree = "<group>"; };
		618BD5512AE0205100E650FC /* Preview Assets.xcassets */ = {isa = PBXFileReference; lastKnownFileType = folder.assetcatalog; path = "Preview Assets.xcassets"; sourceTree = "<group>"; };
		618BD5532AE0205100E650FC /* LemonMusic.entitlements */ = {isa = PBXFileReference; lastKnownFileType = text.plist.entitlements; path = LemonMusic.entitlements; sourceTree = "<group>"; };
		61DE0FD62D1786F700C1EA8A /* Info.plist */ = {isa = PBXFileReference; lastKnownFileType = text.plist; path = Info.plist; sourceTree = "<group>"; };
/* End PBXFileReference section */

/* Begin PBXFrameworksBuildPhase section */
		618BD5442AE0204E00E650FC /* Frameworks */ = {
			isa = PBXFrameworksBuildPhase;
			buildActionMask = 2147483647;
			files = (
				61366FB82D110D9B000D7E3A /* Alamofire in Frameworks */,
			);
			runOnlyForDeploymentPostprocessing = 0;
		};
/* End PBXFrameworksBuildPhase section */

/* Begin PBXGroup section */
		611F93DE2E10C88000D93A67 /* Libray */ = {
			isa = PBXGroup;
			children = (
				613EFB922D11CC7E00BB021D /* MusicViewModel.swift */,
				611F93DF2E10C89000D93A67 /* SongListView.swift */,
			);
			path = Libray;
			sourceTree = "<group>";
		};
		617B19D52D4DC26900E687F8 /* Transfer */ = {
			isa = PBXGroup;
			children = (
				6128B0522D41EDA1007E5B19 /* TransferViewModel.swift */,
				617B19D62D4DC28100E687F8 /* TransferView.swift */,
				617B19D82D4DC45900E687F8 /* TransferRowView.swift */,
			);
			path = Transfer;
			sourceTree = "<group>";
		};
		618BD53E2AE0204E00E650FC = {
			isa = PBXGroup;
			children = (
				618BD5492AE0204E00E650FC /* LemonMusic */,
				618BD5482AE0204E00E650FC /* Products */,
			);
			sourceTree = "<group>";
		};
		618BD5482AE0204E00E650FC /* Products */ = {
			isa = PBXGroup;
			children = (
				618BD5472AE0204E00E650FC /* LemonMusic.app */,
			);
			name = Products;
			sourceTree = "<group>";
		};
		618BD5492AE0204E00E650FC /* LemonMusic */ = {
			isa = PBXGroup;
			children = (
				611F93DE2E10C88000D93A67 /* Libray */,
				617B19D52D4DC26900E687F8 /* Transfer */,
				6130CA7A2D24EA5D00AB9959 /* cover.JPG */,
				61DE0FD62D1786F700C1EA8A /* Info.plist */,
				618BD54A2AE0204E00E650FC /* LemonMusicApp.swift */,
				618BD54C2AE0204E00E650FC /* ContentView.swift */,
				618BD54E2AE0205100E650FC /* Assets.xcassets */,
				618BD5532AE0205100E650FC /* LemonMusic.entitlements */,
				618BD5502AE0205100E650FC /* Preview Content */,
				617A50582D2161900036FA0A /* DataModel.swift */,
				617B19D32D4DC16300E687F8 /* MusciLib.swift */,
			);
			path = LemonMusic;
			sourceTree = "<group>";
		};
		618BD5502AE0205100E650FC /* Preview Content */ = {
			isa = PBXGroup;
			children = (
				618BD5512AE0205100E650FC /* Preview Assets.xcassets */,
			);
			path = "Preview Content";
			sourceTree = "<group>";
		};
/* End PBXGroup section */

/* Begin PBXNativeTarget section */
		618BD5462AE0204E00E650FC /* LemonMusic */ = {
			isa = PBXNativeTarget;
			buildConfigurationList = 618BD5562AE0205100E650FC /* Build configuration list for PBXNativeTarget "LemonMusic" */;
			buildPhases = (
				618BD5432AE0204E00E650FC /* Sources */,
				618BD5442AE0204E00E650FC /* Frameworks */,
				618BD5452AE0204E00E650FC /* Resources */,
			);
			buildRules = (
			);
			dependencies = (
			);
			name = LemonMusic;
			productName = LemonMusic;
			productReference = 618BD5472AE0204E00E650FC /* LemonMusic.app */;
			productType = "com.apple.product-type.application";
		};
/* End PBXNativeTarget section */

/* Begin PBXProject section */
		618BD53F2AE0204E00E650FC /* Project object */ = {
			isa = PBXProject;
			attributes = {
				BuildIndependentTargetsInParallel = 1;
				LastSwiftUpdateCheck = 1420;
				LastUpgradeCheck = 1420;
				TargetAttributes = {
					618BD5462AE0204E00E650FC = {
						CreatedOnToolsVersion = 14.2;
					};
				};
			};
			buildConfigurationList = 618BD5422AE0204E00E650FC /* Build configuration list for PBXProject "LemonMusic" */;
			compatibilityVersion = "Xcode 14.0";
			developmentRegion = en;
			hasScannedForEncodings = 0;
			knownRegions = (
				en,
				Base,
			);
			mainGroup = 618BD53E2AE0204E00E650FC;
			packageReferences = (
				613EFB912D11CC2D00BB021D /* XCLocalSwiftPackageReference "../../../Alamofire" */,
			);
			productRefGroup = 618BD5482AE0204E00E650FC /* Products */;
			projectDirPath = "";
			projectRoot = "";
			targets = (
				618BD5462AE0204E00E650FC /* LemonMusic */,
			);
		};
/* End PBXProject section */

/* Begin PBXResourcesBuildPhase section */
		618BD5452AE0204E00E650FC /* Resources */ = {
			isa = PBXResourcesBuildPhase;
			buildActionMask = 2147483647;
			files = (
				618BD5522AE0205100E650FC /* Preview Assets.xcassets in Resources */,
				6130CA7B2D24EA5D00AB9959 /* cover.JPG in Resources */,
				618BD54F2AE0205100E650FC /* Assets.xcassets in Resources */,
			);
			runOnlyForDeploymentPostprocessing = 0;
		};
/* End PBXResourcesBuildPhase section */

/* Begin PBXSourcesBuildPhase section */
		618BD5432AE0204E00E650FC /* Sources */ = {
			isa = PBXSourcesBuildPhase;
			buildActionMask = 2147483647;
			files = (
				617B19D92D4DC45900E687F8 /* TransferRowView.swift in Sources */,
				613EFB932D11CC7E00BB021D /* MusicViewModel.swift in Sources */,
				617A50592D2161900036FA0A /* DataModel.swift in Sources */,
				618BD54D2AE0204E00E650FC /* ContentView.swift in Sources */,
				617B19D42D4DC16300E687F8 /* MusciLib.swift in Sources */,
				618BD54B2AE0204E00E650FC /* LemonMusicApp.swift in Sources */,
				6128B0532D41EDA1007E5B19 /* TransferViewModel.swift in Sources */,
				611F93E02E10C89000D93A67 /* SongListView.swift in Sources */,
				617B19D72D4DC28100E687F8 /* TransferView.swift in Sources */,
			);
			runOnlyForDeploymentPostprocessing = 0;
		};
/* End PBXSourcesBuildPhase section */

/* Begin XCBuildConfiguration section */
		618BD5542AE0205100E650FC /* Debug */ = {
			isa = XCBuildConfiguration;
			buildSettings = {
				ALWAYS_SEARCH_USER_PATHS = NO;
				CLANG_ANALYZER_NONNULL = YES;
				CLANG_ANALYZER_NUMBER_OBJECT_CONVERSION = YES_AGGRESSIVE;
				CLANG_CXX_LANGUAGE_STANDARD = "gnu++20";
				CLANG_ENABLE_MODULES = YES;
				CLANG_ENABLE_OBJC_ARC = YES;
				CLANG_ENABLE_OBJC_WEAK = YES;
				CLANG_WARN_BLOCK_CAPTURE_AUTORELEASING = YES;
				CLANG_WARN_BOOL_CONVERSION = YES;
				CLANG_WARN_COMMA = YES;
				CLANG_WARN_CONSTANT_CONVERSION = YES;
				CLANG_WARN_DEPRECATED_OBJC_IMPLEMENTATIONS = YES;
				CLANG_WARN_DIRECT_OBJC_ISA_USAGE = YES_ERROR;
				CLANG_WARN_DOCUMENTATION_COMMENTS = YES;
				CLANG_WARN_EMPTY_BODY = YES;
				CLANG_WARN_ENUM_CONVERSION = YES;
				CLANG_WARN_INFINITE_RECURSION = YES;
				CLANG_WARN_INT_CONVERSION = YES;
				CLANG_WARN_NON_LITERAL_NULL_CONVERSION = YES;
				CLANG_WARN_OBJC_IMPLICIT_RETAIN_SELF = YES;
				CLANG_WARN_OBJC_LITERAL_CONVERSION = YES;
				CLANG_WARN_OBJC_ROOT_CLASS = YES_ERROR;
				CLANG_WARN_QUOTED_INCLUDE_IN_FRAMEWORK_HEADER = YES;
				CLANG_WARN_RANGE_LOOP_ANALYSIS = YES;
				CLANG_WARN_STRICT_PROTOTYPES = YES;
				CLANG_WARN_SUSPICIOUS_MOVE = YES;
				CLANG_WARN_UNGUARDED_AVAILABILITY = YES_AGGRESSIVE;
				CLANG_WARN_UNREACHABLE_CODE = YES;
				CLANG_WARN__DUPLICATE_METHOD_MATCH = YES;
				COPY_PHASE_STRIP = NO;
				DEBUG_INFORMATION_FORMAT = dwarf;
				ENABLE_STRICT_OBJC_MSGSEND = YES;
				ENABLE_TESTABILITY = YES;
				GCC_C_LANGUAGE_STANDARD = gnu11;
				GCC_DYNAMIC_NO_PIC = NO;
				GCC_NO_COMMON_BLOCKS = YES;
				GCC_OPTIMIZATION_LEVEL = 0;
				GCC_PREPROCESSOR_DEFINITIONS = (
					"DEBUG=1",
					"$(inherited)",
				);
				GCC_WARN_64_TO_32_BIT_CONVERSION = YES;
				GCC_WARN_ABOUT_RETURN_TYPE = YES_ERROR;
				GCC_WARN_UNDECLARED_SELECTOR = YES;
				GCC_WARN_UNINITIALIZED_AUTOS = YES_AGGRESSIVE;
				GCC_WARN_UNUSED_FUNCTION = YES;
				GCC_WARN_UNUSED_VARIABLE = YES;
				MACOSX_DEPLOYMENT_TARGET = 12.7;
				MTL_ENABLE_DEBUG_INFO = INCLUDE_SOURCE;
				MTL_FAST_MATH = YES;
				ONLY_ACTIVE_ARCH = YES;
				SDKROOT = macosx;
				SWIFT_ACTIVE_COMPILATION_CONDITIONS = DEBUG;
				SWIFT_OPTIMIZATION_LEVEL = "-Onone";
			};
			name = Debug;
		};
		618BD5552AE0205100E650FC /* Release */ = {
			isa = XCBuildConfiguration;
			buildSettings = {
				ALWAYS_SEARCH_USER_PATHS = NO;
				CLANG_ANALYZER_NONNULL = YES;
				CLANG_ANALYZER_NUMBER_OBJECT_CONVERSION = YES_AGGRESSIVE;
				CLANG_CXX_LANGUAGE_STANDARD = "gnu++20";
				CLANG_ENABLE_MODULES = YES;
				CLANG_ENABLE_OBJC_ARC = YES;
				CLANG_ENABLE_OBJC_WEAK = YES;
				CLANG_WARN_BLOCK_CAPTURE_AUTORELEASING = YES;
				CLANG_WARN_BOOL_CONVERSION = YES;
				CLANG_WARN_COMMA = YES;
				CLANG_WARN_CONSTANT_CONVERSION = YES;
				CLANG_WARN_DEPRECATED_OBJC_IMPLEMENTATIONS = YES;
				CLANG_WARN_DIRECT_OBJC_ISA_USAGE = YES_ERROR;
				CLANG_WARN_DOCUMENTATION_COMMENTS = YES;
				CLANG_WARN_EMPTY_BODY = YES;
				CLANG_WARN_ENUM_CONVERSION = YES;
				CLANG_WARN_INFINITE_RECURSION = YES;
				CLANG_WARN_INT_CONVERSION = YES;
				CLANG_WARN_NON_LITERAL_NULL_CONVERSION = YES;
				CLANG_WARN_OBJC_IMPLICIT_RETAIN_SELF = YES;
				CLANG_WARN_OBJC_LITERAL_CONVERSION = YES;
				CLANG_WARN_OBJC_ROOT_CLASS = YES_ERROR;
				CLANG_WARN_QUOTED_INCLUDE_IN_FRAMEWORK_HEADER = YES;
				CLANG_WARN_RANGE_LOOP_ANALYSIS = YES;
				CLANG_WARN_STRICT_PROTOTYPES = YES;
				CLANG_WARN_SUSPICIOUS_MOVE = YES;
				CLANG_WARN_UNGUARDED_AVAILABILITY = YES_AGGRESSIVE;
				CLANG_WARN_UNREACHABLE_CODE = YES;
				CLANG_WARN__DUPLICATE_METHOD_MATCH = YES;
				COPY_PHASE_STRIP = NO;
				DEBUG_INFORMATION_FORMAT = "dwarf-with-dsym";
				ENABLE_NS_ASSERTIONS = NO;
				ENABLE_STRICT_OBJC_MSGSEND = YES;
				GCC_C_LANGUAGE_STANDARD = gnu11;
				GCC_NO_COMMON_BLOCKS = YES;
				GCC_WARN_64_TO_32_BIT_CONVERSION = YES;
				GCC_WARN_ABOUT_RETURN_TYPE = YES_ERROR;
				GCC_WARN_UNDECLARED_SELECTOR = YES;
				GCC_WARN_UNINITIALIZED_AUTOS = YES_AGGRESSIVE;
				GCC_WARN_UNUSED_FUNCTION = YES;
				GCC_WARN_UNUSED_VARIABLE = YES;
				MACOSX_DEPLOYMENT_TARGET = 12.7;
				MTL_ENABLE_DEBUG_INFO = NO;
				MTL_FAST_MATH = YES;
				SDKROOT = macosx;
				SWIFT_COMPILATION_MODE = wholemodule;
				SWIFT_OPTIMIZATION_LEVEL = "-O";
			};
			name = Release;
		};
		618BD5572AE0205100E650FC /* Debug */ = {
			isa = XCBuildConfiguration;
			buildSettings = {
				ASSETCATALOG_COMPILER_APPICON_NAME = AppIcon;
				ASSETCATALOG_COMPILER_GLOBAL_ACCENT_COLOR_NAME = AccentColor;
				CODE_SIGN_ENTITLEMENTS = LemonMusic/LemonMusic.entitlements;
				CODE_SIGN_STYLE = Automatic;
				COMBINE_HIDPI_IMAGES = YES;
				CURRENT_PROJECT_VERSION = 1;
				DEVELOPMENT_ASSET_PATHS = "\"LemonMusic/Preview Content\"";
				ENABLE_PREVIEWS = YES;
				GENERATE_INFOPLIST_FILE = YES;
				INFOPLIST_FILE = LemonMusic/Info.plist;
				INFOPLIST_KEY_NSHumanReadableCopyright = "";
				LD_RUNPATH_SEARCH_PATHS = (
					"$(inherited)",
					"@executable_path/../Frameworks",
				);
				MACOSX_DEPLOYMENT_TARGET = 14.6;
				MARKETING_VERSION = 1.0;
				PRODUCT_BUNDLE_IDENTIFIER = com.yolo.LemonMusic;
				PRODUCT_NAME = "$(TARGET_NAME)";
				SWIFT_EMIT_LOC_STRINGS = YES;
				SWIFT_VERSION = 5.0;
			};
			name = Debug;
		};
		618BD5582AE0205100E650FC /* Release */ = {
			isa = XCBuildConfiguration;
			buildSettings = {
				ASSETCATALOG_COMPILER_APPICON_NAME = AppIcon;
				ASSETCATALOG_COMPILER_GLOBAL_ACCENT_COLOR_NAME = AccentColor;
				CODE_SIGN_ENTITLEMENTS = LemonMusic/LemonMusic.entitlements;
				CODE_SIGN_STYLE = Automatic;
				COMBINE_HIDPI_IMAGES = YES;
				CURRENT_PROJECT_VERSION = 1;
				DEVELOPMENT_ASSET_PATHS = "\"LemonMusic/Preview Content\"";
				ENABLE_PREVIEWS = YES;
				GENERATE_INFOPLIST_FILE = YES;
				INFOPLIST_FILE = LemonMusic/Info.plist;
				INFOPLIST_KEY_NSHumanReadableCopyright = "";
				LD_RUNPATH_SEARCH_PATHS = (
					"$(inherited)",
					"@executable_path/../Frameworks",
				);
				MACOSX_DEPLOYMENT_TARGET = 14.6;
				MARKETING_VERSION = 1.0;
				PRODUCT_BUNDLE_IDENTIFIER = com.yolo.LemonMusic;
				PRODUCT_NAME = "$(TARGET_NAME)";
				SWIFT_EMIT_LOC_STRINGS = YES;
				SWIFT_VERSION = 5.0;
			};
			name = Release;
		};
/* End XCBuildConfiguration section */

/* Begin XCConfigurationList section */
		618BD5422AE0204E00E650FC /* Build configuration list for PBXProject "LemonMusic" */ = {
			isa = XCConfigurationList;
			buildConfigurations = (
				618BD5542AE0205100E650FC /* Debug */,
				618BD5552AE0205100E650FC /* Release */,
			);
			defaultConfigurationIsVisible = 0;
			defaultConfigurationName = Release;
		};
		618BD5562AE0205100E650FC /* Build configuration list for PBXNativeTarget "LemonMusic" */ = {
			isa = XCConfigurationList;
			buildConfigurations = (
				618BD5572AE0205100E650FC /* Debug */,
				618BD5582AE0205100E650FC /* Release */,
			);
			defaultConfigurationIsVisible = 0;
			defaultConfigurationName = Release;
		};
/* End XCConfigurationList section */

/* Begin XCLocalSwiftPackageReference section */
		613EFB912D11CC2D00BB021D /* XCLocalSwiftPackageReference "../../../Alamofire" */ = {
			isa = XCLocalSwiftPackageReference;
			relativePath = ../../../Alamofire;
		};
/* End XCLocalSwiftPackageReference section */

/* Begin XCRemoteSwiftPackageReference section */
		61366FB62D110D9B000D7E3A /* XCRemoteSwiftPackageReference "Alamofire" */ = {
			isa = XCRemoteSwiftPackageReference;
			repositoryURL = "https://github.com/Alamofire/Alamofire.git";
			requirement = {
				kind = upToNextMajorVersion;
				minimumVersion = 5.10.2;
			};
		};
/* End XCRemoteSwiftPackageReference section */

/* Begin XCSwiftPackageProductDependency section */
		61366FB72D110D9B000D7E3A /* Alamofire */ = {
			isa = XCSwiftPackageProductDependency;
			package = 61366FB62D110D9B000D7E3A /* XCRemoteSwiftPackageReference "Alamofire" */;
			productName = Alamofire;
		};
/* End XCSwiftPackageProductDependency section */
	};
	rootObject = 618BD53F2AE0204E00E650FC /* Project object */;
}
